Microsoft Visual Studio Solution File, Format Version 8.00
Project("{EAF909A5-FA59-4C3D-9431-0FCC20D5BCF9}") = "chai3d_complete_intel", "chai3d_complete_intel.icproj", "{8E993108-5A24-4036-8474-4A8E611991E0}"
	ProjectSection(ProjectDependencies) = postProject
	EndProjectSection
EndProject
Global
	GlobalSection(SolutionConfiguration) = preSolution
		Debug = Debug
		Intel Release = Intel Release
		Intel Release with Symbols = Intel Release with Symbols
	EndGlobalSection
	GlobalSection(ProjectConfiguration) = postSolution
		{8E993108-5A24-4036-8474-4A8E611991E0}.Debug.ActiveCfg = Debug|Win32
		{8E993108-5A24-4036-8474-4A8E611991E0}.Debug.Build.0 = Debug|Win32
		{8E993108-5A24-4036-8474-4A8E611991E0}.Intel Release.ActiveCfg = Intel Release|Win32
		{8E993108-5A24-4036-8474-4A8E611991E0}.Intel Release.Build.0 = Intel Release|Win32
		{8E993108-5A24-4036-8474-4A8E611991E0}.Intel Release with Symbols.ActiveCfg = Intel Release with Symbols|Win32
		{8E993108-5A24-4036-8474-4A8E611991E0}.Intel Release with Symbols.Build.0 = Intel Release with Symbols|Win32
		{A9F01342-5463-4634-B1F9-BF98CD5591B0}.Debug.ActiveCfg = Debug|Win32
		{A9F01342-5463-4634-B1F9-BF98CD5591B0}.Debug.Build.0 = Debug|Win32
		{A9F01342-5463-4634-B1F9-BF98CD5591B0}.Intel Release.ActiveCfg = Intel Release|Win32
		{A9F01342-5463-4634-B1F9-BF98CD5591B0}.Intel Release.Build.0 = Intel Release|Win32
		{A9F01342-5463-4634-B1F9-BF98CD5591B0}.Intel Release with Symbols.ActiveCfg = Intel Release with Symbols|Win32
	EndGlobalSection
	GlobalSection(ExtensibilityGlobals) = postSolution
	EndGlobalSection
	GlobalSection(ExtensibilityAddIns) = postSolution
	EndGlobalSection
EndGlobal
